
Microsoft Visual Studio Solution File, Format Version 12.00
# Visual Studio Version 17
VisualStudioVersion = 17.1.32210.238
MinimumVisualStudioVersion = 10.0.40219.1
Project("{9A19103F-16F7-4668-BE54-9A1E7A4F7556}") = "HorecaMVC", "HorecaMVC\HorecaMVC.csproj", "{28C804CC-6046-4244-9986-88025A52A55B}"
EndProject
Project("{9A19103F-16F7-4668-BE54-9A1E7A4F7556}") = "HorecaAPI", "HorecaAPI\HorecaAPI.csproj", "{8D73E140-5689-4356-AAC2-E1EC204E7F82}"
EndProject
Project("{9A19103F-16F7-4668-BE54-9A1E7A4F7556}") = "HorecaShared", "HorecaShared\HorecaShared.csproj", "{BA3791BF-2205-4034-8B82-C962C0322B7A}"
EndProject
Project("{2150E333-8FDC-42A3-9474-1A3956D46DE8}") = "Core", "Core", "{8E2D2ED7-E46D-494C-9BA9-F94D044B6688}"
EndProject
Project("{9A19103F-16F7-4668-BE54-9A1E7A4F7556}") = "HorecaCore", "HorecaCore\HorecaCore.csproj", "{A00D3619-C367-4C15-882F-A3F522B6BBA3}"
EndProject
Project("{2150E333-8FDC-42A3-9474-1A3956D46DE8}") = "Persistence", "Persistence", "{61F098C6-8100-4A25-9BB1-174D4F477682}"
EndProject
Project("{9A19103F-16F7-4668-BE54-9A1E7A4F7556}") = "HorecaInfrastructure", "HorecaInfrastructure\HorecaInfrastructure.csproj", "{94C1A6C3-997D-4B02-B470-905ABE96A20C}"
EndProject
Project("{2150E333-8FDC-42A3-9474-1A3956D46DE8}") = "web", "web", "{F2382E62-3EDA-4BE2-953A-BED4533DCEFA}"
EndProject
Project("{2150E333-8FDC-42A3-9474-1A3956D46DE8}") = "Solution Items", "Solution Items", "{90605A8A-3190-4032-BEC6-10708808CB5B}"
	ProjectSection(SolutionItems) = preProject
		.editorconfig = .editorconfig
	EndProjectSection
EndProject
Global
	GlobalSection(SolutionConfigurationPlatforms) = preSolution
		Debug|Any CPU = Debug|Any CPU
		Release|Any CPU = Release|Any CPU
	EndGlobalSection
	GlobalSection(ProjectConfigurationPlatforms) = postSolution
		{28C804CC-6046-4244-9986-88025A52A55B}.Debug|Any CPU.ActiveCfg = Debug|Any CPU
		{28C804CC-6046-4244-9986-88025A52A55B}.Debug|Any CPU.Build.0 = Debug|Any CPU
		{28C804CC-6046-4244-9986-88025A52A55B}.Release|Any CPU.ActiveCfg = Release|Any CPU
		{28C804CC-6046-4244-9986-88025A52A55B}.Release|Any CPU.Build.0 = Release|Any CPU
		{8D73E140-5689-4356-AAC2-E1EC204E7F82}.Debug|Any CPU.ActiveCfg = Debug|Any CPU
		{8D73E140-5689-4356-AAC2-E1EC204E7F82}.Debug|Any CPU.Build.0 = Debug|Any CPU
		{8D73E140-5689-4356-AAC2-E1EC204E7F82}.Release|Any CPU.ActiveCfg = Release|Any CPU
		{8D73E140-5689-4356-AAC2-E1EC204E7F82}.Release|Any CPU.Build.0 = Release|Any CPU
		{BA3791BF-2205-4034-8B82-C962C0322B7A}.Debug|Any CPU.ActiveCfg = Debug|Any CPU
		{BA3791BF-2205-4034-8B82-C962C0322B7A}.Debug|Any CPU.Build.0 = Debug|Any CPU
		{BA3791BF-2205-4034-8B82-C962C0322B7A}.Release|Any CPU.ActiveCfg = Release|Any CPU
		{BA3791BF-2205-4034-8B82-C962C0322B7A}.Release|Any CPU.Build.0 = Release|Any CPU
		{A00D3619-C367-4C15-882F-A3F522B6BBA3}.Debug|Any CPU.ActiveCfg = Debug|Any CPU
		{A00D3619-C367-4C15-882F-A3F522B6BBA3}.Debug|Any CPU.Build.0 = Debug|Any CPU
		{A00D3619-C367-4C15-882F-A3F522B6BBA3}.Release|Any CPU.ActiveCfg = Release|Any CPU
		{A00D3619-C367-4C15-882F-A3F522B6BBA3}.Release|Any CPU.Build.0 = Release|Any CPU
		{94C1A6C3-997D-4B02-B470-905ABE96A20C}.Debug|Any CPU.ActiveCfg = Debug|Any CPU
		{94C1A6C3-997D-4B02-B470-905ABE96A20C}.Debug|Any CPU.Build.0 = Debug|Any CPU
		{94C1A6C3-997D-4B02-B470-905ABE96A20C}.Release|Any CPU.ActiveCfg = Release|Any CPU
		{94C1A6C3-997D-4B02-B470-905ABE96A20C}.Release|Any CPU.Build.0 = Release|Any CPU
	EndGlobalSection
	GlobalSection(SolutionProperties) = preSolution
		HideSolutionNode = FALSE
	EndGlobalSection
	GlobalSection(NestedProjects) = preSolution
		{28C804CC-6046-4244-9986-88025A52A55B} = {F2382E62-3EDA-4BE2-953A-BED4533DCEFA}
		{8D73E140-5689-4356-AAC2-E1EC204E7F82} = {F2382E62-3EDA-4BE2-953A-BED4533DCEFA}
		{BA3791BF-2205-4034-8B82-C962C0322B7A} = {8E2D2ED7-E46D-494C-9BA9-F94D044B6688}
		{A00D3619-C367-4C15-882F-A3F522B6BBA3} = {8E2D2ED7-E46D-494C-9BA9-F94D044B6688}
		{94C1A6C3-997D-4B02-B470-905ABE96A20C} = {61F098C6-8100-4A25-9BB1-174D4F477682}
	EndGlobalSection
	GlobalSection(ExtensibilityGlobals) = postSolution
		SolutionGuid = {33B38637-A735-4C62-9DE4-D3BCC2D65DA0}
	EndGlobalSection
EndGlobal
