
Microsoft Visual Studio Solution File, Format Version 12.00
# Visual Studio Version 17
VisualStudioVersion = 17.1.32210.238
MinimumVisualStudioVersion = 10.0.40219.1
Project("{FAE04EC0-301F-11D3-BF4B-00C04F79EFBC}") = "HorecaMVC", "HorecaMVC.csproj", "{5D93362F-0FD2-4E5B-A727-6BF4428010D4}"
EndProject
Global
	GlobalSection(SolutionConfigurationPlatforms) = preSolution
		Debug|Any CPU = Debug|Any CPU
		Release|Any CPU = Release|Any CPU
	EndGlobalSection
	GlobalSection(ProjectConfigurationPlatforms) = postSolution
		{5D93362F-0FD2-4E5B-A727-6BF4428010D4}.Debug|Any CPU.ActiveCfg = Debug|Any CPU
		{5D93362F-0FD2-4E5B-A727-6BF4428010D4}.Debug|Any CPU.Build.0 = Debug|Any CPU
		{5D93362F-0FD2-4E5B-A727-6BF4428010D4}.Release|Any CPU.ActiveCfg = Release|Any CPU
		{5D93362F-0FD2-4E5B-A727-6BF4428010D4}.Release|Any CPU.Build.0 = Release|Any CPU
	EndGlobalSection
	GlobalSection(SolutionProperties) = preSolution
		HideSolutionNode = FALSE
	EndGlobalSection
	GlobalSection(ExtensibilityGlobals) = postSolution
		SolutionGuid = {1B9ADAB4-3069-4BFD-BC70-7FAD1E2EEF9D}
	EndGlobalSection
EndGlobal
